// !$*UTF8*$!
{
	archiveVersion = 1;
	classes = {
	};
	objectVersion = 46;
	objects = {

/* Begin PBXBuildFile section */
		661CB1CF1B418C7700030294 /* TaskDetailViewController.swift in Sources */ = {isa = PBXBuildFile; fileRef = 661CB1CE1B418C7700030294 /* TaskDetailViewController.swift */; };
		661CB1D11B4194AD00030294 /* Date.swift in Sources */ = {isa = PBXBuildFile; fileRef = 661CB1D01B4194AD00030294 /* Date.swift */; };
		661CB1D31B419CF600030294 /* CheckIOSVersion.swift in Sources */ = {isa = PBXBuildFile; fileRef = 661CB1D21B419CF600030294 /* CheckIOSVersion.swift */; };
		661CB1D51B41A20700030294 /* AddTaskViewController.swift in Sources */ = {isa = PBXBuildFile; fileRef = 661CB1D41B41A20700030294 /* AddTaskViewController.swift */; };
		6660F7901B4156C10006036C /* AppDelegate.swift in Sources */ = {isa = PBXBuildFile; fileRef = 6660F78F1B4156C10006036C /* AppDelegate.swift */; };
		6660F7921B4156C10006036C /* ViewController.swift in Sources */ = {isa = PBXBuildFile; fileRef = 6660F7911B4156C10006036C /* ViewController.swift */; };
		6660F7951B4156C10006036C /* Main.storyboard in Resources */ = {isa = PBXBuildFile; fileRef = 6660F7931B4156C10006036C /* Main.storyboard */; };
		6660F7971B4156C10006036C /* Images.xcassets in Resources */ = {isa = PBXBuildFile; fileRef = 6660F7961B4156C10006036C /* Images.xcassets */; };
		6660F79A1B4156C10006036C /* LaunchScreen.xib in Resources */ = {isa = PBXBuildFile; fileRef = 6660F7981B4156C10006036C /* LaunchScreen.xib */; };
		6660F7A61B4156C10006036C /* TaskItTests.swift in Sources */ = {isa = PBXBuildFile; fileRef = 6660F7A51B4156C10006036C /* TaskItTests.swift */; };
		6660F7B01B416AB70006036C /* TaskCell.swift in Sources */ = {isa = PBXBuildFile; fileRef = 6660F7AF1B416AB70006036C /* TaskCell.swift */; };
		6660F7B21B4173F20006036C /* TaskModel.swift in Sources */ = {isa = PBXBuildFile; fileRef = 6660F7B11B4173F20006036C /* TaskModel.swift */; };
/* End PBXBuildFile section */

/* Begin PBXContainerItemProxy section */
		6660F7A01B4156C10006036C /* PBXContainerItemProxy */ = {
			isa = PBXContainerItemProxy;
			containerPortal = 6660F7821B4156C10006036C /* Project object */;
			proxyType = 1;
			remoteGlobalIDString = 6660F7891B4156C10006036C;
			remoteInfo = TaskIt;
		};
/* End PBXContainerItemProxy section */

/* Begin PBXFileReference section */
		661CB1CE1B418C7700030294 /* TaskDetailViewController.swift */ = {isa = PBXFileReference; fileEncoding = 4; lastKnownFileType = sourcecode.swift; path = TaskDetailViewController.swift; sourceTree = "<group>"; };
		661CB1D01B4194AD00030294 /* Date.swift */ = {isa = PBXFileReference; fileEncoding = 4; lastKnownFileType = sourcecode.swift; path = Date.swift; sourceTree = "<group>"; };
		661CB1D21B419CF600030294 /* CheckIOSVersion.swift */ = {isa = PBXFileReference; fileEncoding = 4; lastKnownFileType = sourcecode.swift; path = CheckIOSVersion.swift; sourceTree = "<group>"; };
		661CB1D41B41A20700030294 /* AddTaskViewController.swift */ = {isa = PBXFileReference; fileEncoding = 4; lastKnownFileType = sourcecode.swift; path = AddTaskViewController.swift; sourceTree = "<group>"; };
		6660F78A1B4156C10006036C /* TaskIt.app */ = {isa = PBXFileReference; explicitFileType = wrapper.application; includeInIndex = 0; path = TaskIt.app; sourceTree = BUILT_PRODUCTS_DIR; };
		6660F78E1B4156C10006036C /* Info.plist */ = {isa = PBXFileReference; lastKnownFileType = text.plist.xml; path = Info.plist; sourceTree = "<group>"; };
		6660F78F1B4156C10006036C /* AppDelegate.swift */ = {isa = PBXFileReference; lastKnownFileType = sourcecode.swift; path = AppDelegate.swift; sourceTree = "<group>"; };
		6660F7911B4156C10006036C /* ViewController.swift */ = {isa = PBXFileReference; lastKnownFileType = sourcecode.swift; path = ViewController.swift; sourceTree = "<group>"; };
		6660F7941B4156C10006036C /* Base */ = {isa = PBXFileReference; lastKnownFileType = file.storyboard; name = Base; path = Base.lproj/Main.storyboard; sourceTree = "<group>"; };
		6660F7961B4156C10006036C /* Images.xcassets */ = {isa = PBXFileReference; lastKnownFileType = folder.assetcatalog; path = Images.xcassets; sourceTree = "<group>"; };
		6660F7991B4156C10006036C /* Base */ = {isa = PBXFileReference; lastKnownFileType = file.xib; name = Base; path = Base.lproj/LaunchScreen.xib; sourceTree = "<group>"; };
		6660F79F1B4156C10006036C /* TaskItTests.xctest */ = {isa = PBXFileReference; explicitFileType = wrapper.cfbundle; includeInIndex = 0; path = TaskItTests.xctest; sourceTree = BUILT_PRODUCTS_DIR; };
		6660F7A41B4156C10006036C /* Info.plist */ = {isa = PBXFileReference; lastKnownFileType = text.plist.xml; path = Info.plist; sourceTree = "<group>"; };
		6660F7A51B4156C10006036C /* TaskItTests.swift */ = {isa = PBXFileReference; lastKnownFileType = sourcecode.swift; path = TaskItTests.swift; sourceTree = "<group>"; };
		6660F7AF1B416AB70006036C /* TaskCell.swift */ = {isa = PBXFileReference; fileEncoding = 4; lastKnownFileType = sourcecode.swift; path = TaskCell.swift; sourceTree = "<group>"; };
		6660F7B11B4173F20006036C /* TaskModel.swift */ = {isa = PBXFileReference; fileEncoding = 4; lastKnownFileType = sourcecode.swift; path = TaskModel.swift; sourceTree = "<group>"; };
/* End PBXFileReference section */

/* Begin PBXFrameworksBuildPhase section */
		6660F7871B4156C10006036C /* Frameworks */ = {
			isa = PBXFrameworksBuildPhase;
			buildActionMask = 2147483647;
			files = (
			);
			runOnlyForDeploymentPostprocessing = 0;
		};
		6660F79C1B4156C10006036C /* Frameworks */ = {
			isa = PBXFrameworksBuildPhase;
			buildActionMask = 2147483647;
			files = (
			);
			runOnlyForDeploymentPostprocessing = 0;
		};
/* End PBXFrameworksBuildPhase section */

/* Begin PBXGroup section */
		6660F7811B4156C10006036C = {
			isa = PBXGroup;
			children = (
				6660F78C1B4156C10006036C /* TaskIt */,
				6660F7A21B4156C10006036C /* TaskItTests */,
				6660F78B1B4156C10006036C /* Products */,
			);
			sourceTree = "<group>";
		};
		6660F78B1B4156C10006036C /* Products */ = {
			isa = PBXGroup;
			children = (
				6660F78A1B4156C10006036C /* TaskIt.app */,
				6660F79F1B4156C10006036C /* TaskItTests.xctest */,
			);
			name = Products;
			sourceTree = "<group>";
		};
		6660F78C1B4156C10006036C /* TaskIt */ = {
			isa = PBXGroup;
			children = (
				6660F78F1B4156C10006036C /* AppDelegate.swift */,
				6660F7911B4156C10006036C /* ViewController.swift */,
				661CB1CE1B418C7700030294 /* TaskDetailViewController.swift */,
				661CB1D41B41A20700030294 /* AddTaskViewController.swift */,
				6660F7B11B4173F20006036C /* TaskModel.swift */,
				6660F7AF1B416AB70006036C /* TaskCell.swift */,
				661CB1D01B4194AD00030294 /* Date.swift */,
				661CB1D21B419CF600030294 /* CheckIOSVersion.swift */,
				6660F7931B4156C10006036C /* Main.storyboard */,
				6660F7961B4156C10006036C /* Images.xcassets */,
				6660F7981B4156C10006036C /* LaunchScreen.xib */,
				6660F78D1B4156C10006036C /* Supporting Files */,
			);
			path = TaskIt;
			sourceTree = "<group>";
		};
		6660F78D1B4156C10006036C /* Supporting Files */ = {
			isa = PBXGroup;
			children = (
				6660F78E1B4156C10006036C /* Info.plist */,
			);
			name = "Supporting Files";
			sourceTree = "<group>";
		};
		6660F7A21B4156C10006036C /* TaskItTests */ = {
			isa = PBXGroup;
			children = (
				6660F7A51B4156C10006036C /* TaskItTests.swift */,
				6660F7A31B4156C10006036C /* Supporting Files */,
			);
			path = TaskItTests;
			sourceTree = "<group>";
		};
		6660F7A31B4156C10006036C /* Supporting Files */ = {
			isa = PBXGroup;
			children = (
				6660F7A41B4156C10006036C /* Info.plist */,
			);
			name = "Supporting Files";
			sourceTree = "<group>";
		};
/* End PBXGroup section */

/* Begin PBXNativeTarget section */
		6660F7891B4156C10006036C /* TaskIt */ = {
			isa = PBXNativeTarget;
			buildConfigurationList = 6660F7A91B4156C10006036C /* Build configuration list for PBXNativeTarget "TaskIt" */;
			buildPhases = (
				6660F7861B4156C10006036C /* Sources */,
				6660F7871B4156C10006036C /* Frameworks */,
				6660F7881B4156C10006036C /* Resources */,
			);
			buildRules = (
			);
			dependencies = (
			);
			name = TaskIt;
			productName = TaskIt;
			productReference = 6660F78A1B4156C10006036C /* TaskIt.app */;
			productType = "com.apple.product-type.application";
		};
		6660F79E1B4156C10006036C /* TaskItTests */ = {
			isa = PBXNativeTarget;
			buildConfigurationList = 6660F7AC1B4156C10006036C /* Build configuration list for PBXNativeTarget "TaskItTests" */;
			buildPhases = (
				6660F79B1B4156C10006036C /* Sources */,
				6660F79C1B4156C10006036C /* Frameworks */,
				6660F79D1B4156C10006036C /* Resources */,
			);
			buildRules = (
			);
			dependencies = (
				6660F7A11B4156C10006036C /* PBXTargetDependency */,
			);
			name = TaskItTests;
			productName = TaskItTests;
			productReference = 6660F79F1B4156C10006036C /* TaskItTests.xctest */;
			productType = "com.apple.product-type.bundle.unit-test";
		};
/* End PBXNativeTarget section */

/* Begin PBXProject section */
		6660F7821B4156C10006036C /* Project object */ = {
			isa = PBXProject;
			attributes = {
				LastUpgradeCheck = 0630;
				ORGANIZATIONNAME = "Nowak Adam";
				TargetAttributes = {
					6660F7891B4156C10006036C = {
						CreatedOnToolsVersion = 6.3.2;
					};
					6660F79E1B4156C10006036C = {
						CreatedOnToolsVersion = 6.3.2;
						TestTargetID = 6660F7891B4156C10006036C;
					};
				};
			};
			buildConfigurationList = 6660F7851B4156C10006036C /* Build configuration list for PBXProject "TaskIt" */;
			compatibilityVersion = "Xcode 3.2";
			developmentRegion = English;
			hasScannedForEncodings = 0;
			knownRegions = (
				en,
				Base,
			);
			mainGroup = 6660F7811B4156C10006036C;
			productRefGroup = 6660F78B1B4156C10006036C /* Products */;
			projectDirPath = "";
			projectRoot = "";
			targets = (
				6660F7891B4156C10006036C /* TaskIt */,
				6660F79E1B4156C10006036C /* TaskItTests */,
			);
		};
/* End PBXProject section */

/* Begin PBXResourcesBuildPhase section */
		6660F7881B4156C10006036C /* Resources */ = {
			isa = PBXResourcesBuildPhase;
			buildActionMask = 2147483647;
			files = (
				6660F7951B4156C10006036C /* Main.storyboard in Resources */,
				6660F79A1B4156C10006036C /* LaunchScreen.xib in Resources */,
				6660F7971B4156C10006036C /* Images.xcassets in Resources */,
			);
			runOnlyForDeploymentPostprocessing = 0;
		};
		6660F79D1B4156C10006036C /* Resources */ = {
			isa = PBXResourcesBuildPhase;
			buildActionMask = 2147483647;
			files = (
			);
			runOnlyForDeploymentPostprocessing = 0;
		};
/* End PBXResourcesBuildPhase section */

/* Begin PBXSourcesBuildPhase section */
		6660F7861B4156C10006036C /* Sources */ = {
			isa = PBXSourcesBuildPhase;
			buildActionMask = 2147483647;
			files = (
				661CB1D31B419CF600030294 /* CheckIOSVersion.swift in Sources */,
				661CB1D51B41A20700030294 /* AddTaskViewController.swift in Sources */,
				6660F7921B4156C10006036C /* ViewController.swift in Sources */,
				661CB1D11B4194AD00030294 /* Date.swift in Sources */,
				6660F7B01B416AB70006036C /* TaskCell.swift in Sources */,
				6660F7B21B4173F20006036C /* TaskModel.swift in Sources */,
				6660F7901B4156C10006036C /* AppDelegate.swift in Sources */,
				661CB1CF1B418C7700030294 /* TaskDetailViewController.swift in Sources */,
			);
			runOnlyForDeploymentPostprocessing = 0;
		};
		6660F79B1B4156C10006036C /* Sources */ = {
			isa = PBXSourcesBuildPhase;
			buildActionMask = 2147483647;
			files = (
				6660F7A61B4156C10006036C /* TaskItTests.swift in Sources */,
			);
			runOnlyForDeploymentPostprocessing = 0;
		};
/* End PBXSourcesBuildPhase section */

/* Begin PBXTargetDependency section */
		6660F7A11B4156C10006036C /* PBXTargetDependency */ = {
			isa = PBXTargetDependency;
			target = 6660F7891B4156C10006036C /* TaskIt */;
			targetProxy = 6660F7A01B4156C10006036C /* PBXContainerItemProxy */;
		};
/* End PBXTargetDependency section */

/* Begin PBXVariantGroup section */
		6660F7931B4156C10006036C /* Main.storyboard */ = {
			isa = PBXVariantGroup;
			children = (
				6660F7941B4156C10006036C /* Base */,
			);
			name = Main.storyboard;
			sourceTree = "<group>";
		};
		6660F7981B4156C10006036C /* LaunchScreen.xib */ = {
			isa = PBXVariantGroup;
			children = (
				6660F7991B4156C10006036C /* Base */,
			);
			name = LaunchScreen.xib;
			sourceTree = "<group>";
		};
/* End PBXVariantGroup section */

/* Begin XCBuildConfiguration section */
		6660F7A71B4156C10006036C /* Debug */ = {
			isa = XCBuildConfiguration;
			buildSettings = {
				ALWAYS_SEARCH_USER_PATHS = NO;
				CLANG_CXX_LANGUAGE_STANDARD = "gnu++0x";
				CLANG_CXX_LIBRARY = "libc++";
				CLANG_ENABLE_MODULES = YES;
				CLANG_ENABLE_OBJC_ARC = YES;
				CLANG_WARN_BOOL_CONVERSION = YES;
				CLANG_WARN_CONSTANT_CONVERSION = YES;
				CLANG_WARN_DIRECT_OBJC_ISA_USAGE = YES_ERROR;
				CLANG_WARN_EMPTY_BODY = YES;
				CLANG_WARN_ENUM_CONVERSION = YES;
				CLANG_WARN_INT_CONVERSION = YES;
				CLANG_WARN_OBJC_ROOT_CLASS = YES_ERROR;
				CLANG_WARN_UNREACHABLE_CODE = YES;
				CLANG_WARN__DUPLICATE_METHOD_MATCH = YES;
				CODE_SIGN_IDENTITY = "-";
				"CODE_SIGN_IDENTITY[sdk=iphoneos*]" = "-";
				COPY_PHASE_STRIP = NO;
				DEBUG_INFORMATION_FORMAT = "dwarf-with-dsym";
				ENABLE_STRICT_OBJC_MSGSEND = YES;
				GCC_C_LANGUAGE_STANDARD = gnu99;
				GCC_DYNAMIC_NO_PIC = NO;
				GCC_NO_COMMON_BLOCKS = YES;
				GCC_OPTIMIZATION_LEVEL = 0;
				GCC_PREPROCESSOR_DEFINITIONS = (
					"DEBUG=1",
					"$(inherited)",
				);
				GCC_SYMBOLS_PRIVATE_EXTERN = NO;
				GCC_WARN_64_TO_32_BIT_CONVERSION = YES;
				GCC_WARN_ABOUT_RETURN_TYPE = YES_ERROR;
				GCC_WARN_UNDECLARED_SELECTOR = YES;
				GCC_WARN_UNINITIALIZED_AUTOS = YES_AGGRESSIVE;
				GCC_WARN_UNUSED_FUNCTION = YES;
				GCC_WARN_UNUSED_VARIABLE = YES;
				IPHONEOS_DEPLOYMENT_TARGET = 8.3;
				MTL_ENABLE_DEBUG_INFO = YES;
				ONLY_ACTIVE_ARCH = YES;
				SDKROOT = iphoneos;
				SWIFT_OPTIMIZATION_LEVEL = "-Onone";
				TARGETED_DEVICE_FAMILY = "1,2";
			};
			name = Debug;
		};
		6660F7A81B4156C10006036C /* Release */ = {
			isa = XCBuildConfiguration;
			buildSettings = {
				ALWAYS_SEARCH_USER_PATHS = NO;
				CLANG_CXX_LANGUAGE_STANDARD = "gnu++0x";
				CLANG_CXX_LIBRARY = "libc++";
				CLANG_ENABLE_MODULES = YES;
				CLANG_ENABLE_OBJC_ARC = YES;
				CLANG_WARN_BOOL_CONVERSION = YES;
				CLANG_WARN_CONSTANT_CONVERSION = YES;
				CLANG_WARN_DIRECT_OBJC_ISA_USAGE = YES_ERROR;
				CLANG_WARN_EMPTY_BODY = YES;
				CLANG_WARN_ENUM_CONVERSION = YES;
				CLANG_WARN_INT_CONVERSION = YES;
				CLANG_WARN_OBJC_ROOT_CLASS = YES_ERROR;
				CLANG_WARN_UNREACHABLE_CODE = YES;
				CLANG_WARN__DUPLICATE_METHOD_MATCH = YES;
				CODE_SIGN_IDENTITY = "-";
				"CODE_SIGN_IDENTITY[sdk=iphoneos*]" = "-";
				COPY_PHASE_STRIP = NO;
				DEBUG_INFORMATION_FORMAT = "dwarf-with-dsym";
				ENABLE_NS_ASSERTIONS = NO;
				ENABLE_STRICT_OBJC_MSGSEND = YES;
				GCC_C_LANGUAGE_STANDARD = gnu99;
				GCC_NO_COMMON_BLOCKS = YES;
				GCC_WARN_64_TO_32_BIT_CONVERSION = YES;
				GCC_WARN_ABOUT_RETURN_TYPE = YES_ERROR;
				GCC_WARN_UNDECLARED_SELECTOR = YES;
				GCC_WARN_UNINITIALIZED_AUTOS = YES_AGGRESSIVE;
				GCC_WARN_UNUSED_FUNCTION = YES;
				GCC_WARN_UNUSED_VARIABLE = YES;
				IPHONEOS_DEPLOYMENT_TARGET = 8.3;
				MTL_ENABLE_DEBUG_INFO = NO;
				SDKROOT = iphoneos;
				TARGETED_DEVICE_FAMILY = "1,2";
				VALIDATE_PRODUCT = YES;
			};
			name = Release;
		};
		6660F7AA1B4156C10006036C /* Debug */ = {
			isa = XCBuildConfiguration;
			buildSettings = {
				ASSETCATALOG_COMPILER_APPICON_NAME = AppIcon;
				CODE_SIGN_IDENTITY = "-";
				INFOPLIST_FILE = TaskIt/Info.plist;
				IPHONEOS_DEPLOYMENT_TARGET = 7.1;
				LD_RUNPATH_SEARCH_PATHS = "$(inherited) @executable_path/Frameworks";
				PRODUCT_NAME = "$(TARGET_NAME)";
			};
			name = Debug;
		};
		6660F7AB1B4156C10006036C /* Release */ = {
			isa = XCBuildConfiguration;
			buildSettings = {
				ASSETCATALOG_COMPILER_APPICON_NAME = AppIcon;
				CODE_SIGN_IDENTITY = "-";
				INFOPLIST_FILE = TaskIt/Info.plist;
				IPHONEOS_DEPLOYMENT_TARGET = 7.1;
				LD_RUNPATH_SEARCH_PATHS = "$(inherited) @executable_path/Frameworks";
				PRODUCT_NAME = "$(TARGET_NAME)";
			};
			name = Release;
		};
		6660F7AD1B4156C10006036C /* Debug */ = {
			isa = XCBuildConfiguration;
			buildSettings = {
				BUNDLE_LOADER = "$(TEST_HOST)";
				FRAMEWORK_SEARCH_PATHS = (
					"$(SDKROOT)/Developer/Library/Frameworks",
					"$(inherited)",
				);
				GCC_PREPROCESSOR_DEFINITIONS = (
					"DEBUG=1",
					"$(inherited)",
				);
				INFOPLIST_FILE = TaskItTests/Info.plist;
				LD_RUNPATH_SEARCH_PATHS = "$(inherited) @executable_path/Frameworks @loader_path/Frameworks";
				PRODUCT_NAME = "$(TARGET_NAME)";
				TEST_HOST = "$(BUILT_PRODUCTS_DIR)/TaskIt.app/TaskIt";
			};
			name = Debug;
		};
		6660F7AE1B4156C10006036C /* Release */ = {
			isa = XCBuildConfiguration;
			buildSettings = {
				BUNDLE_LOADER = "$(TEST_HOST)";
				FRAMEWORK_SEARCH_PATHS = (
					"$(SDKROOT)/Developer/Library/Frameworks",
					"$(inherited)",
				);
				INFOPLIST_FILE = TaskItTests/Info.plist;
				LD_RUNPATH_SEARCH_PATHS = "$(inherited) @executable_path/Frameworks @loader_path/Frameworks";
				PRODUCT_NAME = "$(TARGET_NAME)";
				TEST_HOST = "$(BUILT_PRODUCTS_DIR)/TaskIt.app/TaskIt";
			};
			name = Release;
		};
/* End XCBuildConfiguration section */

/* Begin XCConfigurationList section */
		6660F7851B4156C10006036C /* Build configuration list for PBXProject "TaskIt" */ = {
			isa = XCConfigurationList;
			buildConfigurations = (
				6660F7A71B4156C10006036C /* Debug */,
				6660F7A81B4156C10006036C /* Release */,
			);
			defaultConfigurationIsVisible = 0;
			defaultConfigurationName = Release;
		};
		6660F7A91B4156C10006036C /* Build configuration list for PBXNativeTarget "TaskIt" */ = {
			isa = XCConfigurationList;
			buildConfigurations = (
				6660F7AA1B4156C10006036C /* Debug */,
				6660F7AB1B4156C10006036C /* Release */,
			);
			defaultConfigurationIsVisible = 0;
			defaultConfigurationName = Release;
		};
		6660F7AC1B4156C10006036C /* Build configuration list for PBXNativeTarget "TaskItTests" */ = {
			isa = XCConfigurationList;
			buildConfigurations = (
				6660F7AD1B4156C10006036C /* Debug */,
				6660F7AE1B4156C10006036C /* Release */,
			);
			defaultConfigurationIsVisible = 0;
			defaultConfigurationName = Release;
		};
/* End XCConfigurationList section */
	};
	rootObject = 6660F7821B4156C10006036C /* Project object */;
}
